
Microsoft Visual Studio Solution File, Format Version 10.00
# Visual Studio 2008
Project("{8BC9CEB8-8B4A-11D0-8D11-00A0C91BC942}") = "3Demo", "3Demo\3Demo.vcproj", "{075140F7-23CF-4D27-AC2D-520E2F08D54C}"
EndProject
Global
	GlobalSection(SolutionConfigurationPlatforms) = preSolution
		Debug|Win32 = Debug|Win32
		Release|Win32 = Release|Win32
	EndGlobalSection
	GlobalSection(ProjectConfigurationPlatforms) = postSolution
		{075140F7-23CF-4D27-AC2D-520E2F08D54C}.Debug|Win32.ActiveCfg = Debug|Win32
		{075140F7-23CF-4D27-AC2D-520E2F08D54C}.Debug|Win32.Build.0 = Debug|Win32
		{075140F7-23CF-4D27-AC2D-520E2F08D54C}.Release|Win32.ActiveCfg = Release|Win32
		{075140F7-23CF-4D27-AC2D-520E2F08D54C}.Release|Win32.Build.0 = Release|Win32
	EndGlobalSection
	GlobalSection(SolutionProperties) = preSolution
		HideSolutionNode = FALSE
	EndGlobalSection
EndGlobal
